
Microsoft Visual Studio Solution File, Format Version 12.00
# Visual Studio Version 16
VisualStudioVersion = 16.0.29009.5
MinimumVisualStudioVersion = 10.0.40219.1
Project("{FAE04EC0-301F-11D3-BF4B-00C04F79EFBC}") = "NastranImport", "NastranImport\NastranImport.csproj", "{1F31E8DE-7C80-401C-BA3A-E7954D401062}"
EndProject
Global
	GlobalSection(SolutionConfigurationPlatforms) = preSolution
		Debug|Any CPU = Debug|Any CPU
		Release|Any CPU = Release|Any CPU
	EndGlobalSection
	GlobalSection(ProjectConfigurationPlatforms) = postSolution
		{1F31E8DE-7C80-401C-BA3A-E7954D401062}.Debug|Any CPU.ActiveCfg = Debug|Any CPU
		{1F31E8DE-7C80-401C-BA3A-E7954D401062}.Debug|Any CPU.Build.0 = Debug|Any CPU
		{1F31E8DE-7C80-401C-BA3A-E7954D401062}.Release|Any CPU.ActiveCfg = Release|Any CPU
		{1F31E8DE-7C80-401C-BA3A-E7954D401062}.Release|Any CPU.Build.0 = Release|Any CPU
	EndGlobalSection
	GlobalSection(SolutionProperties) = preSolution
		HideSolutionNode = FALSE
	EndGlobalSection
	GlobalSection(ExtensibilityGlobals) = postSolution
		SolutionGuid = {3605EF08-00F2-47D5-B179-F4E3CB1D941C}
	EndGlobalSection
EndGlobal
